
Microsoft Visual Studio Solution File, Format Version 12.00
# Visual Studio Version 16
VisualStudioVersion = 16.0.29926.136
MinimumVisualStudioVersion = 10.0.40219.1
Project("{FAE04EC0-301F-11D3-BF4B-00C04F79EFBC}") = "Tumultu_", "Tumultu_.csproj", "{23CF7173-B78B-498C-B98C-384B1FE9FFA9}"
EndProject
Global
	GlobalSection(SolutionConfigurationPlatforms) = preSolution
		Debug|Any CPU = Debug|Any CPU
		Release|Any CPU = Release|Any CPU
	EndGlobalSection
	GlobalSection(ProjectConfigurationPlatforms) = postSolution
		{23CF7173-B78B-498C-B98C-384B1FE9FFA9}.Debug|Any CPU.ActiveCfg = Debug|Any CPU
		{23CF7173-B78B-498C-B98C-384B1FE9FFA9}.Debug|Any CPU.Build.0 = Debug|Any CPU
		{23CF7173-B78B-498C-B98C-384B1FE9FFA9}.Release|Any CPU.ActiveCfg = Release|Any CPU
		{23CF7173-B78B-498C-B98C-384B1FE9FFA9}.Release|Any CPU.Build.0 = Release|Any CPU
	EndGlobalSection
	GlobalSection(SolutionProperties) = preSolution
		HideSolutionNode = FALSE
	EndGlobalSection
	GlobalSection(ExtensibilityGlobals) = postSolution
		SolutionGuid = {7A4C23E8-C44A-43EA-A1C7-EF516D2DA2B3}
	EndGlobalSection
EndGlobal
